
Microsoft Visual Studio Solution File, Format Version 12.00
# Visual Studio 14
VisualStudioVersion = 14.0.24720.0
MinimumVisualStudioVersion = 10.0.40219.1
Project("{FAE04EC0-301F-11D3-BF4B-00C04F79EFBC}") = "CosmicAdventureDTO", "CosmicAdventureDTO\CosmicAdventureDTO.csproj", "{11B35823-E7B7-440E-9948-13347525FEFB}"
EndProject
Project("{FAE04EC0-301F-11D3-BF4B-00C04F79EFBC}") = "WcfCosmosService", "WcfServiceLibrary1\WcfCosmosService.csproj", "{A594324E-A84A-465D-A829-E0D1ACAF0061}"
EndProject
Global
	GlobalSection(SolutionConfigurationPlatforms) = preSolution
		Debug|Any CPU = Debug|Any CPU
		Release|Any CPU = Release|Any CPU
	EndGlobalSection
	GlobalSection(ProjectConfigurationPlatforms) = postSolution
		{11B35823-E7B7-440E-9948-13347525FEFB}.Debug|Any CPU.ActiveCfg = Debug|Any CPU
		{11B35823-E7B7-440E-9948-13347525FEFB}.Debug|Any CPU.Build.0 = Debug|Any CPU
		{11B35823-E7B7-440E-9948-13347525FEFB}.Release|Any CPU.ActiveCfg = Release|Any CPU
		{11B35823-E7B7-440E-9948-13347525FEFB}.Release|Any CPU.Build.0 = Release|Any CPU
		{A594324E-A84A-465D-A829-E0D1ACAF0061}.Debug|Any CPU.ActiveCfg = Debug|Any CPU
		{A594324E-A84A-465D-A829-E0D1ACAF0061}.Debug|Any CPU.Build.0 = Debug|Any CPU
		{A594324E-A84A-465D-A829-E0D1ACAF0061}.Release|Any CPU.ActiveCfg = Release|Any CPU
		{A594324E-A84A-465D-A829-E0D1ACAF0061}.Release|Any CPU.Build.0 = Release|Any CPU
	EndGlobalSection
	GlobalSection(SolutionProperties) = preSolution
		HideSolutionNode = FALSE
	EndGlobalSection
EndGlobal
